// !$*UTF8*$!
{
	archiveVersion = 1;
	classes = {
	};
	objectVersion = 46;
	objects = {

/* Begin PBXBuildFile section */
		BEEB8D1C1B43918D00A12F29 /* AppDelegate.swift in Sources */ = {isa = PBXBuildFile; fileRef = BEEB8D1B1B43918D00A12F29 /* AppDelegate.swift */; };
		BEEB8D1E1B43918D00A12F29 /* ViewController.swift in Sources */ = {isa = PBXBuildFile; fileRef = BEEB8D1D1B43918D00A12F29 /* ViewController.swift */; };
		BEEB8D211B43918D00A12F29 /* Main.storyboard in Resources */ = {isa = PBXBuildFile; fileRef = BEEB8D1F1B43918D00A12F29 /* Main.storyboard */; };
		BEEB8D231B43918D00A12F29 /* Images.xcassets in Resources */ = {isa = PBXBuildFile; fileRef = BEEB8D221B43918D00A12F29 /* Images.xcassets */; };
		BEEB8D261B43918D00A12F29 /* LaunchScreen.xib in Resources */ = {isa = PBXBuildFile; fileRef = BEEB8D241B43918D00A12F29 /* LaunchScreen.xib */; };
		BEEB8D321B43918D00A12F29 /* StandfordSwiftTests.swift in Sources */ = {isa = PBXBuildFile; fileRef = BEEB8D311B43918D00A12F29 /* StandfordSwiftTests.swift */; };
/* End PBXBuildFile section */

/* Begin PBXContainerItemProxy section */
		BEEB8D2C1B43918D00A12F29 /* PBXContainerItemProxy */ = {
			isa = PBXContainerItemProxy;
			containerPortal = BEEB8D0E1B43918D00A12F29 /* Project object */;
			proxyType = 1;
			remoteGlobalIDString = BEEB8D151B43918D00A12F29;
			remoteInfo = StandfordSwift;
		};
/* End PBXContainerItemProxy section */

/* Begin PBXFileReference section */
		BEEB8D161B43918D00A12F29 /* StandfordSwift.app */ = {isa = PBXFileReference; explicitFileType = wrapper.application; includeInIndex = 0; path = StandfordSwift.app; sourceTree = BUILT_PRODUCTS_DIR; };
		BEEB8D1A1B43918D00A12F29 /* Info.plist */ = {isa = PBXFileReference; lastKnownFileType = text.plist.xml; path = Info.plist; sourceTree = "<group>"; };
		BEEB8D1B1B43918D00A12F29 /* AppDelegate.swift */ = {isa = PBXFileReference; lastKnownFileType = sourcecode.swift; path = AppDelegate.swift; sourceTree = "<group>"; };
		BEEB8D1D1B43918D00A12F29 /* ViewController.swift */ = {isa = PBXFileReference; lastKnownFileType = sourcecode.swift; path = ViewController.swift; sourceTree = "<group>"; };
		BEEB8D201B43918D00A12F29 /* Base */ = {isa = PBXFileReference; lastKnownFileType = file.storyboard; name = Base; path = Base.lproj/Main.storyboard; sourceTree = "<group>"; };
		BEEB8D221B43918D00A12F29 /* Images.xcassets */ = {isa = PBXFileReference; lastKnownFileType = folder.assetcatalog; path = Images.xcassets; sourceTree = "<group>"; };
		BEEB8D251B43918D00A12F29 /* Base */ = {isa = PBXFileReference; lastKnownFileType = file.xib; name = Base; path = Base.lproj/LaunchScreen.xib; sourceTree = "<group>"; };
		BEEB8D2B1B43918D00A12F29 /* StandfordSwiftTests.xctest */ = {isa = PBXFileReference; explicitFileType = wrapper.cfbundle; includeInIndex = 0; path = StandfordSwiftTests.xctest; sourceTree = BUILT_PRODUCTS_DIR; };
		BEEB8D301B43918D00A12F29 /* Info.plist */ = {isa = PBXFileReference; lastKnownFileType = text.plist.xml; path = Info.plist; sourceTree = "<group>"; };
		BEEB8D311B43918D00A12F29 /* StandfordSwiftTests.swift */ = {isa = PBXFileReference; lastKnownFileType = sourcecode.swift; path = StandfordSwiftTests.swift; sourceTree = "<group>"; };
/* End PBXFileReference section */

/* Begin PBXFrameworksBuildPhase section */
		BEEB8D131B43918D00A12F29 /* Frameworks */ = {
			isa = PBXFrameworksBuildPhase;
			buildActionMask = 2147483647;
			files = (
			);
			runOnlyForDeploymentPostprocessing = 0;
		};
		BEEB8D281B43918D00A12F29 /* Frameworks */ = {
			isa = PBXFrameworksBuildPhase;
			buildActionMask = 2147483647;
			files = (
			);
			runOnlyForDeploymentPostprocessing = 0;
		};
/* End PBXFrameworksBuildPhase section */

/* Begin PBXGroup section */
		BEEB8D0D1B43918D00A12F29 = {
			isa = PBXGroup;
			children = (
				BEEB8D181B43918D00A12F29 /* StandfordSwift */,
				BEEB8D2E1B43918D00A12F29 /* StandfordSwiftTests */,
				BEEB8D171B43918D00A12F29 /* Products */,
			);
			sourceTree = "<group>";
		};
		BEEB8D171B43918D00A12F29 /* Products */ = {
			isa = PBXGroup;
			children = (
				BEEB8D161B43918D00A12F29 /* StandfordSwift.app */,
				BEEB8D2B1B43918D00A12F29 /* StandfordSwiftTests.xctest */,
			);
			name = Products;
			sourceTree = "<group>";
		};
		BEEB8D181B43918D00A12F29 /* StandfordSwift */ = {
			isa = PBXGroup;
			children = (
				BEEB8D1D1B43918D00A12F29 /* ViewController.swift */,
				BEEB8D1F1B43918D00A12F29 /* Main.storyboard */,
				BEEB8D191B43918D00A12F29 /* Supporting Files */,
			);
			path = StandfordSwift;
			sourceTree = "<group>";
		};
		BEEB8D191B43918D00A12F29 /* Supporting Files */ = {
			isa = PBXGroup;
			children = (
				BEEB8D241B43918D00A12F29 /* LaunchScreen.xib */,
				BEEB8D221B43918D00A12F29 /* Images.xcassets */,
				BEEB8D1B1B43918D00A12F29 /* AppDelegate.swift */,
				BEEB8D1A1B43918D00A12F29 /* Info.plist */,
			);
			name = "Supporting Files";
			sourceTree = "<group>";
		};
		BEEB8D2E1B43918D00A12F29 /* StandfordSwiftTests */ = {
			isa = PBXGroup;
			children = (
				BEEB8D311B43918D00A12F29 /* StandfordSwiftTests.swift */,
				BEEB8D2F1B43918D00A12F29 /* Supporting Files */,
			);
			path = StandfordSwiftTests;
			sourceTree = "<group>";
		};
		BEEB8D2F1B43918D00A12F29 /* Supporting Files */ = {
			isa = PBXGroup;
			children = (
				BEEB8D301B43918D00A12F29 /* Info.plist */,
			);
			name = "Supporting Files";
			sourceTree = "<group>";
		};
/* End PBXGroup section */

/* Begin PBXNativeTarget section */
		BEEB8D151B43918D00A12F29 /* StandfordSwift */ = {
			isa = PBXNativeTarget;
			buildConfigurationList = BEEB8D351B43918D00A12F29 /* Build configuration list for PBXNativeTarget "StandfordSwift" */;
			buildPhases = (
				BEEB8D121B43918D00A12F29 /* Sources */,
				BEEB8D131B43918D00A12F29 /* Frameworks */,
				BEEB8D141B43918D00A12F29 /* Resources */,
			);
			buildRules = (
			);
			dependencies = (
			);
			name = StandfordSwift;
			productName = StandfordSwift;
			productReference = BEEB8D161B43918D00A12F29 /* StandfordSwift.app */;
			productType = "com.apple.product-type.application";
		};
		BEEB8D2A1B43918D00A12F29 /* StandfordSwiftTests */ = {
			isa = PBXNativeTarget;
			buildConfigurationList = BEEB8D381B43918D00A12F29 /* Build configuration list for PBXNativeTarget "StandfordSwiftTests" */;
			buildPhases = (
				BEEB8D271B43918D00A12F29 /* Sources */,
				BEEB8D281B43918D00A12F29 /* Frameworks */,
				BEEB8D291B43918D00A12F29 /* Resources */,
			);
			buildRules = (
			);
			dependencies = (
				BEEB8D2D1B43918D00A12F29 /* PBXTargetDependency */,
			);
			name = StandfordSwiftTests;
			productName = StandfordSwiftTests;
			productReference = BEEB8D2B1B43918D00A12F29 /* StandfordSwiftTests.xctest */;
			productType = "com.apple.product-type.bundle.unit-test";
		};
/* End PBXNativeTarget section */

/* Begin PBXProject section */
		BEEB8D0E1B43918D00A12F29 /* Project object */ = {
			isa = PBXProject;
			attributes = {
				LastUpgradeCheck = 0630;
				ORGANIZATIONNAME = "sTinGe Su";
				TargetAttributes = {
					BEEB8D151B43918D00A12F29 = {
						CreatedOnToolsVersion = 6.3.1;
					};
					BEEB8D2A1B43918D00A12F29 = {
						CreatedOnToolsVersion = 6.3.1;
						TestTargetID = BEEB8D151B43918D00A12F29;
					};
				};
			};
			buildConfigurationList = BEEB8D111B43918D00A12F29 /* Build configuration list for PBXProject "StandfordSwift" */;
			compatibilityVersion = "Xcode 3.2";
			developmentRegion = English;
			hasScannedForEncodings = 0;
			knownRegions = (
				en,
				Base,
			);
			mainGroup = BEEB8D0D1B43918D00A12F29;
			productRefGroup = BEEB8D171B43918D00A12F29 /* Products */;
			projectDirPath = "";
			projectRoot = "";
			targets = (
				BEEB8D151B43918D00A12F29 /* StandfordSwift */,
				BEEB8D2A1B43918D00A12F29 /* StandfordSwiftTests */,
			);
		};
/* End PBXProject section */

/* Begin PBXResourcesBuildPhase section */
		BEEB8D141B43918D00A12F29 /* Resources */ = {
			isa = PBXResourcesBuildPhase;
			buildActionMask = 2147483647;
			files = (
				BEEB8D211B43918D00A12F29 /* Main.storyboard in Resources */,
				BEEB8D261B43918D00A12F29 /* LaunchScreen.xib in Resources */,
				BEEB8D231B43918D00A12F29 /* Images.xcassets in Resources */,
			);
			runOnlyForDeploymentPostprocessing = 0;
		};
		BEEB8D291B43918D00A12F29 /* Resources */ = {
			isa = PBXResourcesBuildPhase;
			buildActionMask = 2147483647;
			files = (
			);
			runOnlyForDeploymentPostprocessing = 0;
		};
/* End PBXResourcesBuildPhase section */

/* Begin PBXSourcesBuildPhase section */
		BEEB8D121B43918D00A12F29 /* Sources */ = {
			isa = PBXSourcesBuildPhase;
			buildActionMask = 2147483647;
			files = (
				BEEB8D1E1B43918D00A12F29 /* ViewController.swift in Sources */,
				BEEB8D1C1B43918D00A12F29 /* AppDelegate.swift in Sources */,
			);
			runOnlyForDeploymentPostprocessing = 0;
		};
		BEEB8D271B43918D00A12F29 /* Sources */ = {
			isa = PBXSourcesBuildPhase;
			buildActionMask = 2147483647;
			files = (
				BEEB8D321B43918D00A12F29 /* StandfordSwiftTests.swift in Sources */,
			);
			runOnlyForDeploymentPostprocessing = 0;
		};
/* End PBXSourcesBuildPhase section */

/* Begin PBXTargetDependency section */
		BEEB8D2D1B43918D00A12F29 /* PBXTargetDependency */ = {
			isa = PBXTargetDependency;
			target = BEEB8D151B43918D00A12F29 /* StandfordSwift */;
			targetProxy = BEEB8D2C1B43918D00A12F29 /* PBXContainerItemProxy */;
		};
/* End PBXTargetDependency section */

/* Begin PBXVariantGroup section */
		BEEB8D1F1B43918D00A12F29 /* Main.storyboard */ = {
			isa = PBXVariantGroup;
			children = (
				BEEB8D201B43918D00A12F29 /* Base */,
			);
			name = Main.storyboard;
			sourceTree = "<group>";
		};
		BEEB8D241B43918D00A12F29 /* LaunchScreen.xib */ = {
			isa = PBXVariantGroup;
			children = (
				BEEB8D251B43918D00A12F29 /* Base */,
			);
			name = LaunchScreen.xib;
			sourceTree = "<group>";
		};
/* End PBXVariantGroup section */

/* Begin XCBuildConfiguration section */
		BEEB8D331B43918D00A12F29 /* Debug */ = {
			isa = XCBuildConfiguration;
			buildSettings = {
				ALWAYS_SEARCH_USER_PATHS = NO;
				CLANG_CXX_LANGUAGE_STANDARD = "gnu++0x";
				CLANG_CXX_LIBRARY = "libc++";
				CLANG_ENABLE_MODULES = YES;
				CLANG_ENABLE_OBJC_ARC = YES;
				CLANG_WARN_BOOL_CONVERSION = YES;
				CLANG_WARN_CONSTANT_CONVERSION = YES;
				CLANG_WARN_DIRECT_OBJC_ISA_USAGE = YES_ERROR;
				CLANG_WARN_EMPTY_BODY = YES;
				CLANG_WARN_ENUM_CONVERSION = YES;
				CLANG_WARN_INT_CONVERSION = YES;
				CLANG_WARN_OBJC_ROOT_CLASS = YES_ERROR;
				CLANG_WARN_UNREACHABLE_CODE = YES;
				CLANG_WARN__DUPLICATE_METHOD_MATCH = YES;
				"CODE_SIGN_IDENTITY[sdk=iphoneos*]" = "iPhone Developer";
				COPY_PHASE_STRIP = NO;
				DEBUG_INFORMATION_FORMAT = "dwarf-with-dsym";
				ENABLE_STRICT_OBJC_MSGSEND = YES;
				GCC_C_LANGUAGE_STANDARD = gnu99;
				GCC_DYNAMIC_NO_PIC = NO;
				GCC_NO_COMMON_BLOCKS = YES;
				GCC_OPTIMIZATION_LEVEL = 0;
				GCC_PREPROCESSOR_DEFINITIONS = (
					"DEBUG=1",
					"$(inherited)",
				);
				GCC_SYMBOLS_PRIVATE_EXTERN = NO;
				GCC_WARN_64_TO_32_BIT_CONVERSION = YES;
				GCC_WARN_ABOUT_RETURN_TYPE = YES_ERROR;
				GCC_WARN_UNDECLARED_SELECTOR = YES;
				GCC_WARN_UNINITIALIZED_AUTOS = YES_AGGRESSIVE;
				GCC_WARN_UNUSED_FUNCTION = YES;
				GCC_WARN_UNUSED_VARIABLE = YES;
				IPHONEOS_DEPLOYMENT_TARGET = 8.3;
				MTL_ENABLE_DEBUG_INFO = YES;
				ONLY_ACTIVE_ARCH = YES;
				SDKROOT = iphoneos;
				SWIFT_OPTIMIZATION_LEVEL = "-Onone";
				TARGETED_DEVICE_FAMILY = "1,2";
			};
			name = Debug;
		};
		BEEB8D341B43918D00A12F29 /* Release */ = {
			isa = XCBuildConfiguration;
			buildSettings = {
				ALWAYS_SEARCH_USER_PATHS = NO;
				CLANG_CXX_LANGUAGE_STANDARD = "gnu++0x";
				CLANG_CXX_LIBRARY = "libc++";
				CLANG_ENABLE_MODULES = YES;
				CLANG_ENABLE_OBJC_ARC = YES;
				CLANG_WARN_BOOL_CONVERSION = YES;
				CLANG_WARN_CONSTANT_CONVERSION = YES;
				CLANG_WARN_DIRECT_OBJC_ISA_USAGE = YES_ERROR;
				CLANG_WARN_EMPTY_BODY = YES;
				CLANG_WARN_ENUM_CONVERSION = YES;
				CLANG_WARN_INT_CONVERSION = YES;
				CLANG_WARN_OBJC_ROOT_CLASS = YES_ERROR;
				CLANG_WARN_UNREACHABLE_CODE = YES;
				CLANG_WARN__DUPLICATE_METHOD_MATCH = YES;
				"CODE_SIGN_IDENTITY[sdk=iphoneos*]" = "iPhone Developer";
				COPY_PHASE_STRIP = NO;
				DEBUG_INFORMATION_FORMAT = "dwarf-with-dsym";
				ENABLE_NS_ASSERTIONS = NO;
				ENABLE_STRICT_OBJC_MSGSEND = YES;
				GCC_C_LANGUAGE_STANDARD = gnu99;
				GCC_NO_COMMON_BLOCKS = YES;
				GCC_WARN_64_TO_32_BIT_CONVERSION = YES;
				GCC_WARN_ABOUT_RETURN_TYPE = YES_ERROR;
				GCC_WARN_UNDECLARED_SELECTOR = YES;
				GCC_WARN_UNINITIALIZED_AUTOS = YES_AGGRESSIVE;
				GCC_WARN_UNUSED_FUNCTION = YES;
				GCC_WARN_UNUSED_VARIABLE = YES;
				IPHONEOS_DEPLOYMENT_TARGET = 8.3;
				MTL_ENABLE_DEBUG_INFO = NO;
				SDKROOT = iphoneos;
				TARGETED_DEVICE_FAMILY = "1,2";
				VALIDATE_PRODUCT = YES;
			};
			name = Release;
		};
		BEEB8D361B43918D00A12F29 /* Debug */ = {
			isa = XCBuildConfiguration;
			buildSettings = {
				ASSETCATALOG_COMPILER_APPICON_NAME = AppIcon;
				INFOPLIST_FILE = StandfordSwift/Info.plist;
				LD_RUNPATH_SEARCH_PATHS = "$(inherited) @executable_path/Frameworks";
				PRODUCT_NAME = "$(TARGET_NAME)";
			};
			name = Debug;
		};
		BEEB8D371B43918D00A12F29 /* Release */ = {
			isa = XCBuildConfiguration;
			buildSettings = {
				ASSETCATALOG_COMPILER_APPICON_NAME = AppIcon;
				INFOPLIST_FILE = StandfordSwift/Info.plist;
				LD_RUNPATH_SEARCH_PATHS = "$(inherited) @executable_path/Frameworks";
				PRODUCT_NAME = "$(TARGET_NAME)";
			};
			name = Release;
		};
		BEEB8D391B43918D00A12F29 /* Debug */ = {
			isa = XCBuildConfiguration;
			buildSettings = {
				BUNDLE_LOADER = "$(TEST_HOST)";
				FRAMEWORK_SEARCH_PATHS = (
					"$(SDKROOT)/Developer/Library/Frameworks",
					"$(inherited)",
				);
				GCC_PREPROCESSOR_DEFINITIONS = (
					"DEBUG=1",
					"$(inherited)",
				);
				INFOPLIST_FILE = StandfordSwiftTests/Info.plist;
				LD_RUNPATH_SEARCH_PATHS = "$(inherited) @executable_path/Frameworks @loader_path/Frameworks";
				PRODUCT_NAME = "$(TARGET_NAME)";
				TEST_HOST = "$(BUILT_PRODUCTS_DIR)/StandfordSwift.app/StandfordSwift";
			};
			name = Debug;
		};
		BEEB8D3A1B43918D00A12F29 /* Release */ = {
			isa = XCBuildConfiguration;
			buildSettings = {
				BUNDLE_LOADER = "$(TEST_HOST)";
				FRAMEWORK_SEARCH_PATHS = (
					"$(SDKROOT)/Developer/Library/Frameworks",
					"$(inherited)",
				);
				INFOPLIST_FILE = StandfordSwiftTests/Info.plist;
				LD_RUNPATH_SEARCH_PATHS = "$(inherited) @executable_path/Frameworks @loader_path/Frameworks";
				PRODUCT_NAME = "$(TARGET_NAME)";
				TEST_HOST = "$(BUILT_PRODUCTS_DIR)/StandfordSwift.app/StandfordSwift";
			};
			name = Release;
		};
/* End XCBuildConfiguration section */

/* Begin XCConfigurationList section */
		BEEB8D111B43918D00A12F29 /* Build configuration list for PBXProject "StandfordSwift" */ = {
			isa = XCConfigurationList;
			buildConfigurations = (
				BEEB8D331B43918D00A12F29 /* Debug */,
				BEEB8D341B43918D00A12F29 /* Release */,
			);
			defaultConfigurationIsVisible = 0;
			defaultConfigurationName = Release;
		};
		BEEB8D351B43918D00A12F29 /* Build configuration list for PBXNativeTarget "StandfordSwift" */ = {
			isa = XCConfigurationList;
			buildConfigurations = (
				BEEB8D361B43918D00A12F29 /* Debug */,
				BEEB8D371B43918D00A12F29 /* Release */,
			);
			defaultConfigurationIsVisible = 0;
		};
		BEEB8D381B43918D00A12F29 /* Build configuration list for PBXNativeTarget "StandfordSwiftTests" */ = {
			isa = XCConfigurationList;
			buildConfigurations = (
				BEEB8D391B43918D00A12F29 /* Debug */,
				BEEB8D3A1B43918D00A12F29 /* Release */,
			);
			defaultConfigurationIsVisible = 0;
		};
/* End XCConfigurationList section */
	};
	rootObject = BEEB8D0E1B43918D00A12F29 /* Project object */;
}
