// !$*UTF8*$!
{
	archiveVersion = 1;
	classes = {
	};
	objectVersion = 46;
	objects = {

/* Begin PBXBuildFile section */
		9A130F441B5541AF00D48A64 /* AppDelegate.swift in Sources */ = {isa = PBXBuildFile; fileRef = 9A130F431B5541AF00D48A64 /* AppDelegate.swift */; };
		9A130F491B5541AF00D48A64 /* Main.storyboard in Resources */ = {isa = PBXBuildFile; fileRef = 9A130F471B5541AF00D48A64 /* Main.storyboard */; };
		9A130F4B1B5541AF00D48A64 /* Images.xcassets in Resources */ = {isa = PBXBuildFile; fileRef = 9A130F4A1B5541AF00D48A64 /* Images.xcassets */; };
		9A130F4E1B5541AF00D48A64 /* LaunchScreen.xib in Resources */ = {isa = PBXBuildFile; fileRef = 9A130F4C1B5541AF00D48A64 /* LaunchScreen.xib */; };
		9A130F5A1B5541AF00D48A64 /* PhychologistTests.swift in Sources */ = {isa = PBXBuildFile; fileRef = 9A130F591B5541AF00D48A64 /* PhychologistTests.swift */; };
		9A130F6A1B55486400D48A64 /* HappinessViewController.swift in Sources */ = {isa = PBXBuildFile; fileRef = 9A130F681B55486400D48A64 /* HappinessViewController.swift */; };
		9A130F6D1B55489A00D48A64 /* FaceView.swift in Sources */ = {isa = PBXBuildFile; fileRef = 9A130F6B1B55489A00D48A64 /* FaceView.swift */; };
/* End PBXBuildFile section */

/* Begin PBXContainerItemProxy section */
		9A130F541B5541AF00D48A64 /* PBXContainerItemProxy */ = {
			isa = PBXContainerItemProxy;
			containerPortal = 9A130F361B5541AF00D48A64 /* Project object */;
			proxyType = 1;
			remoteGlobalIDString = 9A130F3D1B5541AF00D48A64;
			remoteInfo = Phychologist;
		};
/* End PBXContainerItemProxy section */

/* Begin PBXFileReference section */
		9A130F3E1B5541AF00D48A64 /* L03_Phychologist.app */ = {isa = PBXFileReference; explicitFileType = wrapper.application; includeInIndex = 0; path = L03_Phychologist.app; sourceTree = BUILT_PRODUCTS_DIR; };
		9A130F421B5541AF00D48A64 /* Info.plist */ = {isa = PBXFileReference; lastKnownFileType = text.plist.xml; path = Info.plist; sourceTree = "<group>"; };
		9A130F431B5541AF00D48A64 /* AppDelegate.swift */ = {isa = PBXFileReference; lastKnownFileType = sourcecode.swift; path = AppDelegate.swift; sourceTree = "<group>"; };
		9A130F481B5541AF00D48A64 /* Base */ = {isa = PBXFileReference; lastKnownFileType = file.storyboard; name = Base; path = Base.lproj/Main.storyboard; sourceTree = "<group>"; };
		9A130F4A1B5541AF00D48A64 /* Images.xcassets */ = {isa = PBXFileReference; lastKnownFileType = folder.assetcatalog; path = Images.xcassets; sourceTree = "<group>"; };
		9A130F4D1B5541AF00D48A64 /* Base */ = {isa = PBXFileReference; lastKnownFileType = file.xib; name = Base; path = Base.lproj/LaunchScreen.xib; sourceTree = "<group>"; };
		9A130F531B5541AF00D48A64 /* L03_PhychologistTests.xctest */ = {isa = PBXFileReference; explicitFileType = wrapper.cfbundle; includeInIndex = 0; path = L03_PhychologistTests.xctest; sourceTree = BUILT_PRODUCTS_DIR; };
		9A130F581B5541AF00D48A64 /* Info.plist */ = {isa = PBXFileReference; lastKnownFileType = text.plist.xml; path = Info.plist; sourceTree = "<group>"; };
		9A130F591B5541AF00D48A64 /* PhychologistTests.swift */ = {isa = PBXFileReference; lastKnownFileType = sourcecode.swift; path = PhychologistTests.swift; sourceTree = "<group>"; };
		9A130F681B55486400D48A64 /* HappinessViewController.swift */ = {isa = PBXFileReference; fileEncoding = 4; lastKnownFileType = sourcecode.swift; name = HappinessViewController.swift; path = "../../../../../Downloads/Happiness L6/Happiness/HappinessViewController.swift"; sourceTree = "<group>"; };
		9A130F6B1B55489A00D48A64 /* FaceView.swift */ = {isa = PBXFileReference; fileEncoding = 4; lastKnownFileType = sourcecode.swift; path = FaceView.swift; sourceTree = "<group>"; };
/* End PBXFileReference section */

/* Begin PBXFrameworksBuildPhase section */
		9A130F3B1B5541AF00D48A64 /* Frameworks */ = {
			isa = PBXFrameworksBuildPhase;
			buildActionMask = 2147483647;
			files = (
			);
			runOnlyForDeploymentPostprocessing = 0;
		};
		9A130F501B5541AF00D48A64 /* Frameworks */ = {
			isa = PBXFrameworksBuildPhase;
			buildActionMask = 2147483647;
			files = (
			);
			runOnlyForDeploymentPostprocessing = 0;
		};
/* End PBXFrameworksBuildPhase section */

/* Begin PBXGroup section */
		9A130F351B5541AF00D48A64 = {
			isa = PBXGroup;
			children = (
				9A130F401B5541AF00D48A64 /* Phychologist */,
				9A130F561B5541AF00D48A64 /* PhychologistTests */,
				9A130F3F1B5541AF00D48A64 /* Products */,
			);
			sourceTree = "<group>";
		};
		9A130F3F1B5541AF00D48A64 /* Products */ = {
			isa = PBXGroup;
			children = (
				9A130F3E1B5541AF00D48A64 /* L03_Phychologist.app */,
				9A130F531B5541AF00D48A64 /* L03_PhychologistTests.xctest */,
			);
			name = Products;
			sourceTree = "<group>";
		};
		9A130F401B5541AF00D48A64 /* Phychologist */ = {
			isa = PBXGroup;
			children = (
				9A130F681B55486400D48A64 /* HappinessViewController.swift */,
				9A130F6B1B55489A00D48A64 /* FaceView.swift */,
				9A130F471B5541AF00D48A64 /* Main.storyboard */,
				9A130F411B5541AF00D48A64 /* Supporting Files */,
			);
			path = Phychologist;
			sourceTree = "<group>";
		};
		9A130F411B5541AF00D48A64 /* Supporting Files */ = {
			isa = PBXGroup;
			children = (
				9A130F4C1B5541AF00D48A64 /* LaunchScreen.xib */,
				9A130F4A1B5541AF00D48A64 /* Images.xcassets */,
				9A130F431B5541AF00D48A64 /* AppDelegate.swift */,
				9A130F421B5541AF00D48A64 /* Info.plist */,
			);
			name = "Supporting Files";
			sourceTree = "<group>";
		};
		9A130F561B5541AF00D48A64 /* PhychologistTests */ = {
			isa = PBXGroup;
			children = (
				9A130F591B5541AF00D48A64 /* PhychologistTests.swift */,
				9A130F571B5541AF00D48A64 /* Supporting Files */,
			);
			path = PhychologistTests;
			sourceTree = "<group>";
		};
		9A130F571B5541AF00D48A64 /* Supporting Files */ = {
			isa = PBXGroup;
			children = (
				9A130F581B5541AF00D48A64 /* Info.plist */,
			);
			name = "Supporting Files";
			sourceTree = "<group>";
		};
/* End PBXGroup section */

/* Begin PBXNativeTarget section */
		9A130F3D1B5541AF00D48A64 /* L03_Phychologist */ = {
			isa = PBXNativeTarget;
			buildConfigurationList = 9A130F5D1B5541AF00D48A64 /* Build configuration list for PBXNativeTarget "L03_Phychologist" */;
			buildPhases = (
				9A130F3A1B5541AF00D48A64 /* Sources */,
				9A130F3B1B5541AF00D48A64 /* Frameworks */,
				9A130F3C1B5541AF00D48A64 /* Resources */,
			);
			buildRules = (
			);
			dependencies = (
			);
			name = L03_Phychologist;
			productName = Phychologist;
			productReference = 9A130F3E1B5541AF00D48A64 /* L03_Phychologist.app */;
			productType = "com.apple.product-type.application";
		};
		9A130F521B5541AF00D48A64 /* L03_PhychologistTests */ = {
			isa = PBXNativeTarget;
			buildConfigurationList = 9A130F601B5541AF00D48A64 /* Build configuration list for PBXNativeTarget "L03_PhychologistTests" */;
			buildPhases = (
				9A130F4F1B5541AF00D48A64 /* Sources */,
				9A130F501B5541AF00D48A64 /* Frameworks */,
				9A130F511B5541AF00D48A64 /* Resources */,
			);
			buildRules = (
			);
			dependencies = (
				9A130F551B5541AF00D48A64 /* PBXTargetDependency */,
			);
			name = L03_PhychologistTests;
			productName = PhychologistTests;
			productReference = 9A130F531B5541AF00D48A64 /* L03_PhychologistTests.xctest */;
			productType = "com.apple.product-type.bundle.unit-test";
		};
/* End PBXNativeTarget section */

/* Begin PBXProject section */
		9A130F361B5541AF00D48A64 /* Project object */ = {
			isa = PBXProject;
			attributes = {
				LastUpgradeCheck = 0640;
				ORGANIZATIONNAME = SuStinge;
				TargetAttributes = {
					9A130F3D1B5541AF00D48A64 = {
						CreatedOnToolsVersion = 6.4;
					};
					9A130F521B5541AF00D48A64 = {
						CreatedOnToolsVersion = 6.4;
						TestTargetID = 9A130F3D1B5541AF00D48A64;
					};
				};
			};
			buildConfigurationList = 9A130F391B5541AF00D48A64 /* Build configuration list for PBXProject "L03_Phychologist" */;
			compatibilityVersion = "Xcode 3.2";
			developmentRegion = English;
			hasScannedForEncodings = 0;
			knownRegions = (
				en,
				Base,
			);
			mainGroup = 9A130F351B5541AF00D48A64;
			productRefGroup = 9A130F3F1B5541AF00D48A64 /* Products */;
			projectDirPath = "";
			projectRoot = "";
			targets = (
				9A130F3D1B5541AF00D48A64 /* L03_Phychologist */,
				9A130F521B5541AF00D48A64 /* L03_PhychologistTests */,
			);
		};
/* End PBXProject section */

/* Begin PBXResourcesBuildPhase section */
		9A130F3C1B5541AF00D48A64 /* Resources */ = {
			isa = PBXResourcesBuildPhase;
			buildActionMask = 2147483647;
			files = (
				9A130F491B5541AF00D48A64 /* Main.storyboard in Resources */,
				9A130F4E1B5541AF00D48A64 /* LaunchScreen.xib in Resources */,
				9A130F4B1B5541AF00D48A64 /* Images.xcassets in Resources */,
			);
			runOnlyForDeploymentPostprocessing = 0;
		};
		9A130F511B5541AF00D48A64 /* Resources */ = {
			isa = PBXResourcesBuildPhase;
			buildActionMask = 2147483647;
			files = (
			);
			runOnlyForDeploymentPostprocessing = 0;
		};
/* End PBXResourcesBuildPhase section */

/* Begin PBXSourcesBuildPhase section */
		9A130F3A1B5541AF00D48A64 /* Sources */ = {
			isa = PBXSourcesBuildPhase;
			buildActionMask = 2147483647;
			files = (
				9A130F441B5541AF00D48A64 /* AppDelegate.swift in Sources */,
				9A130F6A1B55486400D48A64 /* HappinessViewController.swift in Sources */,
				9A130F6D1B55489A00D48A64 /* FaceView.swift in Sources */,
			);
			runOnlyForDeploymentPostprocessing = 0;
		};
		9A130F4F1B5541AF00D48A64 /* Sources */ = {
			isa = PBXSourcesBuildPhase;
			buildActionMask = 2147483647;
			files = (
				9A130F5A1B5541AF00D48A64 /* PhychologistTests.swift in Sources */,
			);
			runOnlyForDeploymentPostprocessing = 0;
		};
/* End PBXSourcesBuildPhase section */

/* Begin PBXTargetDependency section */
		9A130F551B5541AF00D48A64 /* PBXTargetDependency */ = {
			isa = PBXTargetDependency;
			target = 9A130F3D1B5541AF00D48A64 /* L03_Phychologist */;
			targetProxy = 9A130F541B5541AF00D48A64 /* PBXContainerItemProxy */;
		};
/* End PBXTargetDependency section */

/* Begin PBXVariantGroup section */
		9A130F471B5541AF00D48A64 /* Main.storyboard */ = {
			isa = PBXVariantGroup;
			children = (
				9A130F481B5541AF00D48A64 /* Base */,
			);
			name = Main.storyboard;
			sourceTree = "<group>";
		};
		9A130F4C1B5541AF00D48A64 /* LaunchScreen.xib */ = {
			isa = PBXVariantGroup;
			children = (
				9A130F4D1B5541AF00D48A64 /* Base */,
			);
			name = LaunchScreen.xib;
			sourceTree = "<group>";
		};
/* End PBXVariantGroup section */

/* Begin XCBuildConfiguration section */
		9A130F5B1B5541AF00D48A64 /* Debug */ = {
			isa = XCBuildConfiguration;
			buildSettings = {
				ALWAYS_SEARCH_USER_PATHS = NO;
				CLANG_CXX_LANGUAGE_STANDARD = "gnu++0x";
				CLANG_CXX_LIBRARY = "libc++";
				CLANG_ENABLE_MODULES = YES;
				CLANG_ENABLE_OBJC_ARC = YES;
				CLANG_WARN_BOOL_CONVERSION = YES;
				CLANG_WARN_CONSTANT_CONVERSION = YES;
				CLANG_WARN_DIRECT_OBJC_ISA_USAGE = YES_ERROR;
				CLANG_WARN_EMPTY_BODY = YES;
				CLANG_WARN_ENUM_CONVERSION = YES;
				CLANG_WARN_INT_CONVERSION = YES;
				CLANG_WARN_OBJC_ROOT_CLASS = YES_ERROR;
				CLANG_WARN_UNREACHABLE_CODE = YES;
				CLANG_WARN__DUPLICATE_METHOD_MATCH = YES;
				"CODE_SIGN_IDENTITY[sdk=iphoneos*]" = "iPhone Developer";
				COPY_PHASE_STRIP = NO;
				DEBUG_INFORMATION_FORMAT = "dwarf-with-dsym";
				ENABLE_STRICT_OBJC_MSGSEND = YES;
				GCC_C_LANGUAGE_STANDARD = gnu99;
				GCC_DYNAMIC_NO_PIC = NO;
				GCC_NO_COMMON_BLOCKS = YES;
				GCC_OPTIMIZATION_LEVEL = 0;
				GCC_PREPROCESSOR_DEFINITIONS = (
					"DEBUG=1",
					"$(inherited)",
				);
				GCC_SYMBOLS_PRIVATE_EXTERN = NO;
				GCC_WARN_64_TO_32_BIT_CONVERSION = YES;
				GCC_WARN_ABOUT_RETURN_TYPE = YES_ERROR;
				GCC_WARN_UNDECLARED_SELECTOR = YES;
				GCC_WARN_UNINITIALIZED_AUTOS = YES_AGGRESSIVE;
				GCC_WARN_UNUSED_FUNCTION = YES;
				GCC_WARN_UNUSED_VARIABLE = YES;
				IPHONEOS_DEPLOYMENT_TARGET = 8.4;
				MTL_ENABLE_DEBUG_INFO = YES;
				ONLY_ACTIVE_ARCH = YES;
				SDKROOT = iphoneos;
				SWIFT_OPTIMIZATION_LEVEL = "-Onone";
				TARGETED_DEVICE_FAMILY = "1,2";
			};
			name = Debug;
		};
		9A130F5C1B5541AF00D48A64 /* Release */ = {
			isa = XCBuildConfiguration;
			buildSettings = {
				ALWAYS_SEARCH_USER_PATHS = NO;
				CLANG_CXX_LANGUAGE_STANDARD = "gnu++0x";
				CLANG_CXX_LIBRARY = "libc++";
				CLANG_ENABLE_MODULES = YES;
				CLANG_ENABLE_OBJC_ARC = YES;
				CLANG_WARN_BOOL_CONVERSION = YES;
				CLANG_WARN_CONSTANT_CONVERSION = YES;
				CLANG_WARN_DIRECT_OBJC_ISA_USAGE = YES_ERROR;
				CLANG_WARN_EMPTY_BODY = YES;
				CLANG_WARN_ENUM_CONVERSION = YES;
				CLANG_WARN_INT_CONVERSION = YES;
				CLANG_WARN_OBJC_ROOT_CLASS = YES_ERROR;
				CLANG_WARN_UNREACHABLE_CODE = YES;
				CLANG_WARN__DUPLICATE_METHOD_MATCH = YES;
				"CODE_SIGN_IDENTITY[sdk=iphoneos*]" = "iPhone Developer";
				COPY_PHASE_STRIP = NO;
				DEBUG_INFORMATION_FORMAT = "dwarf-with-dsym";
				ENABLE_NS_ASSERTIONS = NO;
				ENABLE_STRICT_OBJC_MSGSEND = YES;
				GCC_C_LANGUAGE_STANDARD = gnu99;
				GCC_NO_COMMON_BLOCKS = YES;
				GCC_WARN_64_TO_32_BIT_CONVERSION = YES;
				GCC_WARN_ABOUT_RETURN_TYPE = YES_ERROR;
				GCC_WARN_UNDECLARED_SELECTOR = YES;
				GCC_WARN_UNINITIALIZED_AUTOS = YES_AGGRESSIVE;
				GCC_WARN_UNUSED_FUNCTION = YES;
				GCC_WARN_UNUSED_VARIABLE = YES;
				IPHONEOS_DEPLOYMENT_TARGET = 8.4;
				MTL_ENABLE_DEBUG_INFO = NO;
				SDKROOT = iphoneos;
				TARGETED_DEVICE_FAMILY = "1,2";
				VALIDATE_PRODUCT = YES;
			};
			name = Release;
		};
		9A130F5E1B5541AF00D48A64 /* Debug */ = {
			isa = XCBuildConfiguration;
			buildSettings = {
				ASSETCATALOG_COMPILER_APPICON_NAME = AppIcon;
				INFOPLIST_FILE = Phychologist/Info.plist;
				LD_RUNPATH_SEARCH_PATHS = "$(inherited) @executable_path/Frameworks";
				PRODUCT_NAME = L03_Phychologist;
			};
			name = Debug;
		};
		9A130F5F1B5541AF00D48A64 /* Release */ = {
			isa = XCBuildConfiguration;
			buildSettings = {
				ASSETCATALOG_COMPILER_APPICON_NAME = AppIcon;
				INFOPLIST_FILE = Phychologist/Info.plist;
				LD_RUNPATH_SEARCH_PATHS = "$(inherited) @executable_path/Frameworks";
				PRODUCT_NAME = L03_Phychologist;
			};
			name = Release;
		};
		9A130F611B5541AF00D48A64 /* Debug */ = {
			isa = XCBuildConfiguration;
			buildSettings = {
				BUNDLE_LOADER = "$(TEST_HOST)";
				FRAMEWORK_SEARCH_PATHS = (
					"$(SDKROOT)/Developer/Library/Frameworks",
					"$(inherited)",
				);
				GCC_PREPROCESSOR_DEFINITIONS = (
					"DEBUG=1",
					"$(inherited)",
				);
				INFOPLIST_FILE = PhychologistTests/Info.plist;
				LD_RUNPATH_SEARCH_PATHS = "$(inherited) @executable_path/Frameworks @loader_path/Frameworks";
				PRODUCT_NAME = L03_PhychologistTests;
				TEST_HOST = "$(BUILT_PRODUCTS_DIR)/Phychologist.app/Phychologist";
			};
			name = Debug;
		};
		9A130F621B5541AF00D48A64 /* Release */ = {
			isa = XCBuildConfiguration;
			buildSettings = {
				BUNDLE_LOADER = "$(TEST_HOST)";
				FRAMEWORK_SEARCH_PATHS = (
					"$(SDKROOT)/Developer/Library/Frameworks",
					"$(inherited)",
				);
				INFOPLIST_FILE = PhychologistTests/Info.plist;
				LD_RUNPATH_SEARCH_PATHS = "$(inherited) @executable_path/Frameworks @loader_path/Frameworks";
				PRODUCT_NAME = L03_PhychologistTests;
				TEST_HOST = "$(BUILT_PRODUCTS_DIR)/Phychologist.app/Phychologist";
			};
			name = Release;
		};
/* End XCBuildConfiguration section */

/* Begin XCConfigurationList section */
		9A130F391B5541AF00D48A64 /* Build configuration list for PBXProject "L03_Phychologist" */ = {
			isa = XCConfigurationList;
			buildConfigurations = (
				9A130F5B1B5541AF00D48A64 /* Debug */,
				9A130F5C1B5541AF00D48A64 /* Release */,
			);
			defaultConfigurationIsVisible = 0;
			defaultConfigurationName = Release;
		};
		9A130F5D1B5541AF00D48A64 /* Build configuration list for PBXNativeTarget "L03_Phychologist" */ = {
			isa = XCConfigurationList;
			buildConfigurations = (
				9A130F5E1B5541AF00D48A64 /* Debug */,
				9A130F5F1B5541AF00D48A64 /* Release */,
			);
			defaultConfigurationIsVisible = 0;
		};
		9A130F601B5541AF00D48A64 /* Build configuration list for PBXNativeTarget "L03_PhychologistTests" */ = {
			isa = XCConfigurationList;
			buildConfigurations = (
				9A130F611B5541AF00D48A64 /* Debug */,
				9A130F621B5541AF00D48A64 /* Release */,
			);
			defaultConfigurationIsVisible = 0;
		};
/* End XCConfigurationList section */
	};
	rootObject = 9A130F361B5541AF00D48A64 /* Project object */;
}
